
Microsoft Visual Studio Solution File, Format Version 12.00
# Visual Studio 14
VisualStudioVersion = 14.0.25420.1
MinimumVisualStudioVersion = 10.0.40219.1
Project("{FAE04EC0-301F-11D3-BF4B-00C04F79EFBC}") = "WalkthroughXF.Android", "WalkthroughXF\WalkthroughXF.Android\WalkthroughXF.Android.csproj", "{98997A9F-0C83-4646-9F2B-10732F7A4231}"
EndProject
Project("{FAE04EC0-301F-11D3-BF4B-00C04F79EFBC}") = "WalkthroughXF", "WalkthroughXF\WalkthroughXF\WalkthroughXF.csproj", "{5A0B7062-B2C1-4807-BB35-82442461ED33}"
EndProject
Project("{FAE04EC0-301F-11D3-BF4B-00C04F79EFBC}") = "WalkthroughXF.iOS", "WalkthroughXF\WalkthroughXF.iOS\WalkthroughXF.iOS.csproj", "{71F2EC17-13BB-44B5-9C6F-FF28ACC3F01A}"
EndProject
Global
	GlobalSection(SolutionConfigurationPlatforms) = preSolution
		Ad-Hoc|Any CPU = Ad-Hoc|Any CPU
		Ad-Hoc|iPhone = Ad-Hoc|iPhone
		Ad-Hoc|iPhoneSimulator = Ad-Hoc|iPhoneSimulator
		AppStore|Any CPU = AppStore|Any CPU
		AppStore|iPhone = AppStore|iPhone
		AppStore|iPhoneSimulator = AppStore|iPhoneSimulator
		Debug|Any CPU = Debug|Any CPU
		Debug|iPhone = Debug|iPhone
		Debug|iPhoneSimulator = Debug|iPhoneSimulator
		Release|Any CPU = Release|Any CPU
		Release|iPhone = Release|iPhone
		Release|iPhoneSimulator = Release|iPhoneSimulator
	EndGlobalSection
	GlobalSection(ProjectConfigurationPlatforms) = postSolution
		{98997A9F-0C83-4646-9F2B-10732F7A4231}.Ad-Hoc|Any CPU.ActiveCfg = Release|Any CPU
		{98997A9F-0C83-4646-9F2B-10732F7A4231}.Ad-Hoc|Any CPU.Build.0 = Release|Any CPU
		{98997A9F-0C83-4646-9F2B-10732F7A4231}.Ad-Hoc|Any CPU.Deploy.0 = Release|Any CPU
		{98997A9F-0C83-4646-9F2B-10732F7A4231}.Ad-Hoc|iPhone.ActiveCfg = Release|Any CPU
		{98997A9F-0C83-4646-9F2B-10732F7A4231}.Ad-Hoc|iPhone.Build.0 = Release|Any CPU
		{98997A9F-0C83-4646-9F2B-10732F7A4231}.Ad-Hoc|iPhone.Deploy.0 = Release|Any CPU
		{98997A9F-0C83-4646-9F2B-10732F7A4231}.Ad-Hoc|iPhoneSimulator.ActiveCfg = Release|Any CPU
		{98997A9F-0C83-4646-9F2B-10732F7A4231}.Ad-Hoc|iPhoneSimulator.Build.0 = Release|Any CPU
		{98997A9F-0C83-4646-9F2B-10732F7A4231}.Ad-Hoc|iPhoneSimulator.Deploy.0 = Release|Any CPU
		{98997A9F-0C83-4646-9F2B-10732F7A4231}.AppStore|Any CPU.ActiveCfg = Release|Any CPU
		{98997A9F-0C83-4646-9F2B-10732F7A4231}.AppStore|Any CPU.Build.0 = Release|Any CPU
		{98997A9F-0C83-4646-9F2B-10732F7A4231}.AppStore|Any CPU.Deploy.0 = Release|Any CPU
		{98997A9F-0C83-4646-9F2B-10732F7A4231}.AppStore|iPhone.ActiveCfg = Release|Any CPU
		{98997A9F-0C83-4646-9F2B-10732F7A4231}.AppStore|iPhone.Build.0 = Release|Any CPU
		{98997A9F-0C83-4646-9F2B-10732F7A4231}.AppStore|iPhone.Deploy.0 = Release|Any CPU
		{98997A9F-0C83-4646-9F2B-10732F7A4231}.AppStore|iPhoneSimulator.ActiveCfg = Release|Any CPU
		{98997A9F-0C83-4646-9F2B-10732F7A4231}.AppStore|iPhoneSimulator.Build.0 = Release|Any CPU
		{98997A9F-0C83-4646-9F2B-10732F7A4231}.AppStore|iPhoneSimulator.Deploy.0 = Release|Any CPU
		{98997A9F-0C83-4646-9F2B-10732F7A4231}.Debug|Any CPU.ActiveCfg = Debug|Any CPU
		{98997A9F-0C83-4646-9F2B-10732F7A4231}.Debug|Any CPU.Build.0 = Debug|Any CPU
		{98997A9F-0C83-4646-9F2B-10732F7A4231}.Debug|Any CPU.Deploy.0 = Debug|Any CPU
		{98997A9F-0C83-4646-9F2B-10732F7A4231}.Debug|iPhone.ActiveCfg = Debug|Any CPU
		{98997A9F-0C83-4646-9F2B-10732F7A4231}.Debug|iPhone.Build.0 = Debug|Any CPU
		{98997A9F-0C83-4646-9F2B-10732F7A4231}.Debug|iPhone.Deploy.0 = Debug|Any CPU
		{98997A9F-0C83-4646-9F2B-10732F7A4231}.Debug|iPhoneSimulator.ActiveCfg = Debug|Any CPU
		{98997A9F-0C83-4646-9F2B-10732F7A4231}.Debug|iPhoneSimulator.Build.0 = Debug|Any CPU
		{98997A9F-0C83-4646-9F2B-10732F7A4231}.Debug|iPhoneSimulator.Deploy.0 = Debug|Any CPU
		{98997A9F-0C83-4646-9F2B-10732F7A4231}.Release|Any CPU.ActiveCfg = Release|Any CPU
		{98997A9F-0C83-4646-9F2B-10732F7A4231}.Release|Any CPU.Build.0 = Release|Any CPU
		{98997A9F-0C83-4646-9F2B-10732F7A4231}.Release|Any CPU.Deploy.0 = Release|Any CPU
		{98997A9F-0C83-4646-9F2B-10732F7A4231}.Release|iPhone.ActiveCfg = Release|Any CPU
		{98997A9F-0C83-4646-9F2B-10732F7A4231}.Release|iPhone.Build.0 = Release|Any CPU
		{98997A9F-0C83-4646-9F2B-10732F7A4231}.Release|iPhone.Deploy.0 = Release|Any CPU
		{98997A9F-0C83-4646-9F2B-10732F7A4231}.Release|iPhoneSimulator.ActiveCfg = Release|Any CPU
		{98997A9F-0C83-4646-9F2B-10732F7A4231}.Release|iPhoneSimulator.Build.0 = Release|Any CPU
		{98997A9F-0C83-4646-9F2B-10732F7A4231}.Release|iPhoneSimulator.Deploy.0 = Release|Any CPU
		{5A0B7062-B2C1-4807-BB35-82442461ED33}.Ad-Hoc|Any CPU.ActiveCfg = Release|Any CPU
		{5A0B7062-B2C1-4807-BB35-82442461ED33}.Ad-Hoc|Any CPU.Build.0 = Release|Any CPU
		{5A0B7062-B2C1-4807-BB35-82442461ED33}.Ad-Hoc|Any CPU.Deploy.0 = Release|Any CPU
		{5A0B7062-B2C1-4807-BB35-82442461ED33}.Ad-Hoc|iPhone.ActiveCfg = Release|Any CPU
		{5A0B7062-B2C1-4807-BB35-82442461ED33}.Ad-Hoc|iPhone.Build.0 = Release|Any CPU
		{5A0B7062-B2C1-4807-BB35-82442461ED33}.Ad-Hoc|iPhone.Deploy.0 = Release|Any CPU
		{5A0B7062-B2C1-4807-BB35-82442461ED33}.Ad-Hoc|iPhoneSimulator.ActiveCfg = Release|Any CPU
		{5A0B7062-B2C1-4807-BB35-82442461ED33}.Ad-Hoc|iPhoneSimulator.Build.0 = Release|Any CPU
		{5A0B7062-B2C1-4807-BB35-82442461ED33}.Ad-Hoc|iPhoneSimulator.Deploy.0 = Release|Any CPU
		{5A0B7062-B2C1-4807-BB35-82442461ED33}.AppStore|Any CPU.ActiveCfg = Release|Any CPU
		{5A0B7062-B2C1-4807-BB35-82442461ED33}.AppStore|Any CPU.Build.0 = Release|Any CPU
		{5A0B7062-B2C1-4807-BB35-82442461ED33}.AppStore|Any CPU.Deploy.0 = Release|Any CPU
		{5A0B7062-B2C1-4807-BB35-82442461ED33}.AppStore|iPhone.ActiveCfg = Release|Any CPU
		{5A0B7062-B2C1-4807-BB35-82442461ED33}.AppStore|iPhone.Build.0 = Release|Any CPU
		{5A0B7062-B2C1-4807-BB35-82442461ED33}.AppStore|iPhone.Deploy.0 = Release|Any CPU
		{5A0B7062-B2C1-4807-BB35-82442461ED33}.AppStore|iPhoneSimulator.ActiveCfg = Release|Any CPU
		{5A0B7062-B2C1-4807-BB35-82442461ED33}.AppStore|iPhoneSimulator.Build.0 = Release|Any CPU
		{5A0B7062-B2C1-4807-BB35-82442461ED33}.AppStore|iPhoneSimulator.Deploy.0 = Release|Any CPU
		{5A0B7062-B2C1-4807-BB35-82442461ED33}.Debug|Any CPU.ActiveCfg = Debug|Any CPU
		{5A0B7062-B2C1-4807-BB35-82442461ED33}.Debug|Any CPU.Build.0 = Debug|Any CPU
		{5A0B7062-B2C1-4807-BB35-82442461ED33}.Debug|Any CPU.Deploy.0 = Debug|Any CPU
		{5A0B7062-B2C1-4807-BB35-82442461ED33}.Debug|iPhone.ActiveCfg = Debug|Any CPU
		{5A0B7062-B2C1-4807-BB35-82442461ED33}.Debug|iPhone.Build.0 = Debug|Any CPU
		{5A0B7062-B2C1-4807-BB35-82442461ED33}.Debug|iPhone.Deploy.0 = Debug|Any CPU
		{5A0B7062-B2C1-4807-BB35-82442461ED33}.Debug|iPhoneSimulator.ActiveCfg = Debug|Any CPU
		{5A0B7062-B2C1-4807-BB35-82442461ED33}.Debug|iPhoneSimulator.Build.0 = Debug|Any CPU
		{5A0B7062-B2C1-4807-BB35-82442461ED33}.Debug|iPhoneSimulator.Deploy.0 = Debug|Any CPU
		{5A0B7062-B2C1-4807-BB35-82442461ED33}.Release|Any CPU.ActiveCfg = Release|Any CPU
		{5A0B7062-B2C1-4807-BB35-82442461ED33}.Release|Any CPU.Build.0 = Release|Any CPU
		{5A0B7062-B2C1-4807-BB35-82442461ED33}.Release|Any CPU.Deploy.0 = Release|Any CPU
		{5A0B7062-B2C1-4807-BB35-82442461ED33}.Release|iPhone.ActiveCfg = Release|Any CPU
		{5A0B7062-B2C1-4807-BB35-82442461ED33}.Release|iPhone.Build.0 = Release|Any CPU
		{5A0B7062-B2C1-4807-BB35-82442461ED33}.Release|iPhone.Deploy.0 = Release|Any CPU
		{5A0B7062-B2C1-4807-BB35-82442461ED33}.Release|iPhoneSimulator.ActiveCfg = Release|Any CPU
		{5A0B7062-B2C1-4807-BB35-82442461ED33}.Release|iPhoneSimulator.Build.0 = Release|Any CPU
		{5A0B7062-B2C1-4807-BB35-82442461ED33}.Release|iPhoneSimulator.Deploy.0 = Release|Any CPU
		{71F2EC17-13BB-44B5-9C6F-FF28ACC3F01A}.Ad-Hoc|Any CPU.ActiveCfg = Ad-Hoc|iPhone
		{71F2EC17-13BB-44B5-9C6F-FF28ACC3F01A}.Ad-Hoc|Any CPU.Build.0 = Ad-Hoc|iPhone
		{71F2EC17-13BB-44B5-9C6F-FF28ACC3F01A}.Ad-Hoc|Any CPU.Deploy.0 = Ad-Hoc|iPhone
		{71F2EC17-13BB-44B5-9C6F-FF28ACC3F01A}.Ad-Hoc|iPhone.ActiveCfg = Ad-Hoc|iPhone
		{71F2EC17-13BB-44B5-9C6F-FF28ACC3F01A}.Ad-Hoc|iPhone.Build.0 = Ad-Hoc|iPhone
		{71F2EC17-13BB-44B5-9C6F-FF28ACC3F01A}.Ad-Hoc|iPhone.Deploy.0 = Ad-Hoc|iPhone
		{71F2EC17-13BB-44B5-9C6F-FF28ACC3F01A}.Ad-Hoc|iPhoneSimulator.ActiveCfg = Ad-Hoc|iPhoneSimulator
		{71F2EC17-13BB-44B5-9C6F-FF28ACC3F01A}.Ad-Hoc|iPhoneSimulator.Build.0 = Ad-Hoc|iPhoneSimulator
		{71F2EC17-13BB-44B5-9C6F-FF28ACC3F01A}.Ad-Hoc|iPhoneSimulator.Deploy.0 = Ad-Hoc|iPhoneSimulator
		{71F2EC17-13BB-44B5-9C6F-FF28ACC3F01A}.AppStore|Any CPU.ActiveCfg = AppStore|iPhone
		{71F2EC17-13BB-44B5-9C6F-FF28ACC3F01A}.AppStore|Any CPU.Build.0 = AppStore|iPhone
		{71F2EC17-13BB-44B5-9C6F-FF28ACC3F01A}.AppStore|Any CPU.Deploy.0 = AppStore|iPhone
		{71F2EC17-13BB-44B5-9C6F-FF28ACC3F01A}.AppStore|iPhone.ActiveCfg = AppStore|iPhone
		{71F2EC17-13BB-44B5-9C6F-FF28ACC3F01A}.AppStore|iPhone.Build.0 = AppStore|iPhone
		{71F2EC17-13BB-44B5-9C6F-FF28ACC3F01A}.AppStore|iPhone.Deploy.0 = AppStore|iPhone
		{71F2EC17-13BB-44B5-9C6F-FF28ACC3F01A}.AppStore|iPhoneSimulator.ActiveCfg = AppStore|iPhoneSimulator
		{71F2EC17-13BB-44B5-9C6F-FF28ACC3F01A}.AppStore|iPhoneSimulator.Build.0 = AppStore|iPhoneSimulator
		{71F2EC17-13BB-44B5-9C6F-FF28ACC3F01A}.AppStore|iPhoneSimulator.Deploy.0 = AppStore|iPhoneSimulator
		{71F2EC17-13BB-44B5-9C6F-FF28ACC3F01A}.Debug|Any CPU.ActiveCfg = Debug|iPhoneSimulator
		{71F2EC17-13BB-44B5-9C6F-FF28ACC3F01A}.Debug|Any CPU.Build.0 = Debug|iPhoneSimulator
		{71F2EC17-13BB-44B5-9C6F-FF28ACC3F01A}.Debug|Any CPU.Deploy.0 = Debug|iPhoneSimulator
		{71F2EC17-13BB-44B5-9C6F-FF28ACC3F01A}.Debug|iPhone.ActiveCfg = Debug|iPhone
		{71F2EC17-13BB-44B5-9C6F-FF28ACC3F01A}.Debug|iPhone.Build.0 = Debug|iPhone
		{71F2EC17-13BB-44B5-9C6F-FF28ACC3F01A}.Debug|iPhone.Deploy.0 = Debug|iPhone
		{71F2EC17-13BB-44B5-9C6F-FF28ACC3F01A}.Debug|iPhoneSimulator.ActiveCfg = Debug|iPhoneSimulator
		{71F2EC17-13BB-44B5-9C6F-FF28ACC3F01A}.Debug|iPhoneSimulator.Build.0 = Debug|iPhoneSimulator
		{71F2EC17-13BB-44B5-9C6F-FF28ACC3F01A}.Debug|iPhoneSimulator.Deploy.0 = Debug|iPhoneSimulator
		{71F2EC17-13BB-44B5-9C6F-FF28ACC3F01A}.Release|Any CPU.ActiveCfg = Release|iPhone
		{71F2EC17-13BB-44B5-9C6F-FF28ACC3F01A}.Release|Any CPU.Build.0 = Release|iPhone
		{71F2EC17-13BB-44B5-9C6F-FF28ACC3F01A}.Release|Any CPU.Deploy.0 = Release|iPhone
		{71F2EC17-13BB-44B5-9C6F-FF28ACC3F01A}.Release|iPhone.ActiveCfg = Release|iPhone
		{71F2EC17-13BB-44B5-9C6F-FF28ACC3F01A}.Release|iPhone.Build.0 = Release|iPhone
		{71F2EC17-13BB-44B5-9C6F-FF28ACC3F01A}.Release|iPhone.Deploy.0 = Release|iPhone
		{71F2EC17-13BB-44B5-9C6F-FF28ACC3F01A}.Release|iPhoneSimulator.ActiveCfg = Release|iPhoneSimulator
		{71F2EC17-13BB-44B5-9C6F-FF28ACC3F01A}.Release|iPhoneSimulator.Build.0 = Release|iPhoneSimulator
		{71F2EC17-13BB-44B5-9C6F-FF28ACC3F01A}.Release|iPhoneSimulator.Deploy.0 = Release|iPhoneSimulator
	EndGlobalSection
	GlobalSection(SolutionProperties) = preSolution
		HideSolutionNode = FALSE
	EndGlobalSection
EndGlobal
